
Microsoft Visual Studio Solution File, Format Version 12.00
# Visual Studio Version 17
VisualStudioVersion = 17.5.33627.172
MinimumVisualStudioVersion = 10.0.40219.1
Project("{9A19103F-16F7-4668-BE54-9A1E7A4F7556}") = "NET.Backend.Blueprint.Extensions", "NET.Backend.Blueprint.Extensions\NET.Backend.Blueprint.Extensions.csproj", "{AFB79A2B-7366-4320-9D21-41052BCF8D63}"
EndProject
Project("{9A19103F-16F7-4668-BE54-9A1E7A4F7556}") = "NET.Backend.Blueprint.Integration.xUnit.Tests", "NET.Backend.Blueprint.Integration.xUnit.Tests\NET.Backend.Blueprint.Integration.xUnit.Tests.csproj", "{8CA56340-E993-4577-AA35-1419BAD25E12}"
EndProject
Project("{9A19103F-16F7-4668-BE54-9A1E7A4F7556}") = "NET.Backend.Blueprint.Api", "NET.Backend.Blueprint.Api\NET.Backend.Blueprint.Api.csproj", "{FC450F92-0EB0-446B-80D3-F0AC7D6FD55B}"
EndProject
Project("{FAE04EC0-301F-11D3-BF4B-00C04F79EFBC}") = "NET.Frontend.Blueprint.Client", "NET.Frontend.Blueprint.Client\NET.Frontend.Blueprint.Client.csproj", "{C0553746-7AED-4883-A603-778500B118AB}"
EndProject
Global
	GlobalSection(SolutionConfigurationPlatforms) = preSolution
		Debug|Any CPU = Debug|Any CPU
		Release|Any CPU = Release|Any CPU
	EndGlobalSection
	GlobalSection(ProjectConfigurationPlatforms) = postSolution
		{AFB79A2B-7366-4320-9D21-41052BCF8D63}.Debug|Any CPU.ActiveCfg = Debug|Any CPU
		{AFB79A2B-7366-4320-9D21-41052BCF8D63}.Debug|Any CPU.Build.0 = Debug|Any CPU
		{AFB79A2B-7366-4320-9D21-41052BCF8D63}.Release|Any CPU.ActiveCfg = Release|Any CPU
		{AFB79A2B-7366-4320-9D21-41052BCF8D63}.Release|Any CPU.Build.0 = Release|Any CPU
		{8CA56340-E993-4577-AA35-1419BAD25E12}.Debug|Any CPU.ActiveCfg = Debug|Any CPU
		{8CA56340-E993-4577-AA35-1419BAD25E12}.Debug|Any CPU.Build.0 = Debug|Any CPU
		{8CA56340-E993-4577-AA35-1419BAD25E12}.Release|Any CPU.ActiveCfg = Release|Any CPU
		{8CA56340-E993-4577-AA35-1419BAD25E12}.Release|Any CPU.Build.0 = Release|Any CPU
		{FC450F92-0EB0-446B-80D3-F0AC7D6FD55B}.Debug|Any CPU.ActiveCfg = Debug|Any CPU
		{FC450F92-0EB0-446B-80D3-F0AC7D6FD55B}.Debug|Any CPU.Build.0 = Debug|Any CPU
		{FC450F92-0EB0-446B-80D3-F0AC7D6FD55B}.Release|Any CPU.ActiveCfg = Release|Any CPU
		{FC450F92-0EB0-446B-80D3-F0AC7D6FD55B}.Release|Any CPU.Build.0 = Release|Any CPU
		{C0553746-7AED-4883-A603-778500B118AB}.Debug|Any CPU.ActiveCfg = Debug|Any CPU
		{C0553746-7AED-4883-A603-778500B118AB}.Debug|Any CPU.Build.0 = Debug|Any CPU
		{C0553746-7AED-4883-A603-778500B118AB}.Release|Any CPU.ActiveCfg = Release|Any CPU
		{C0553746-7AED-4883-A603-778500B118AB}.Release|Any CPU.Build.0 = Release|Any CPU
	EndGlobalSection
	GlobalSection(SolutionProperties) = preSolution
		HideSolutionNode = FALSE
	EndGlobalSection
	GlobalSection(ExtensibilityGlobals) = postSolution
		SolutionGuid = {B0150EC1-8A94-4255-8731-D8D322082D56}
	EndGlobalSection
EndGlobal
